
Microsoft Visual Studio Solution File, Format Version 12.00
# Visual Studio Version 17
VisualStudioVersion = 17.1.32228.430
MinimumVisualStudioVersion = 10.0.40219.1
Project("{9A19103F-16F7-4668-BE54-9A1E7A4F7556}") = "SigmaCamp_HomeTask1", "SigmaCamp_HomeTask1\SigmaCamp_HomeTask1.csproj", "{7B00293E-4609-4884-93FB-D4074BD4BC49}"
EndProject
Project("{9A19103F-16F7-4668-BE54-9A1E7A4F7556}") = "SigmaCamp_HomeTask2_1", "SigmaCamp_HomeTask2_1\SigmaCamp_HomeTask2_1.csproj", "{77BB168D-E486-4EBA-A1E7-F4C6389F2146}"
EndProject
Project("{9A19103F-16F7-4668-BE54-9A1E7A4F7556}") = "SigmaCamp_HomeTask2_2", "SigmaCamp_HomeTask2_2\SigmaCamp_HomeTask2_2.csproj", "{A390D9E4-0350-46F6-94F2-C2A615ED7018}"
EndProject
Project("{9A19103F-16F7-4668-BE54-9A1E7A4F7556}") = "SigmaCamp_HomeTask3", "SigmaCamp_HomeTask3\SigmaCamp_HomeTask3.csproj", "{B8B6DE58-8FEF-4E3D-B212-58790B455FFA}"
EndProject
Project("{9A19103F-16F7-4668-BE54-9A1E7A4F7556}") = "SigmaCamp_HomeTask4", "SigmaCamp_HomeTask4\SigmaCamp_HomeTask4.csproj", "{E03F1B2E-D470-4805-903C-7AAC423A7F7B}"
EndProject
Project("{9A19103F-16F7-4668-BE54-9A1E7A4F7556}") = "SigmaCamp_HomeTask5", "SigmaCamp_HomeTask5\SigmaCamp_HomeTask5.csproj", "{0FCE8BCA-534C-4572-9DE6-358AAD241ADA}"
EndProject
Project("{9A19103F-16F7-4668-BE54-9A1E7A4F7556}") = "SigmaCamp_HomeTask6", "SigmaCamp_HomeTask6\SigmaCamp_HomeTask6.csproj", "{8BCBBBA3-995C-4E67-9365-64D5ABC16377}"
EndProject
Project("{9A19103F-16F7-4668-BE54-9A1E7A4F7556}") = "SigmaCamp_HomeTask7", "SigmaCamp_HomeTask7\SigmaCamp_HomeTask7.csproj", "{B1C60AA4-566B-4719-9340-134590672AB3}"
EndProject
Project("{2150E333-8FDC-42A3-9474-1A3956D46DE8}") = "SigmaCamp_HomeTask8", "SigmaCamp_HomeTask8", "{9EB85D06-595D-4795-B9A5-E9215298A20C}"
EndProject
Project("{9A19103F-16F7-4668-BE54-9A1E7A4F7556}") = "SigmaCamp_HomeTask8_1", "SigmaCamp_HomeTask8_1\SigmaCamp_HomeTask8_1.csproj", "{FD00A24A-9648-4DBE-A19E-D6C64F49EBAD}"
EndProject
Project("{9A19103F-16F7-4668-BE54-9A1E7A4F7556}") = "SigmaCamp_HomeTask8_2", "SigmaCamp_HomeTask8_2\SigmaCamp_HomeTask8_2.csproj", "{14606037-1FAE-45D6-B3D2-FDC016B119DE}"
EndProject
Project("{9A19103F-16F7-4668-BE54-9A1E7A4F7556}") = "SigmaCamp_HomeTask8_3", "SigmaCamp_HomeTask8_3\SigmaCamp_HomeTask8_3.csproj", "{8862C6F6-9477-40A4-8598-1597A0FC1B61}"
EndProject
Project("{FAE04EC0-301F-11D3-BF4B-00C04F79EFBC}") = "SigmaCamp_HomeTask9", "SigmaCamp_HomeTask9\SigmaCamp_HomeTask9.csproj", "{04841037-6EDF-48E1-86EA-20F6C3146120}"
EndProject
Global
	GlobalSection(SolutionConfigurationPlatforms) = preSolution
		Debug|Any CPU = Debug|Any CPU
		Release|Any CPU = Release|Any CPU
	EndGlobalSection
	GlobalSection(ProjectConfigurationPlatforms) = postSolution
		{7B00293E-4609-4884-93FB-D4074BD4BC49}.Debug|Any CPU.ActiveCfg = Debug|Any CPU
		{7B00293E-4609-4884-93FB-D4074BD4BC49}.Debug|Any CPU.Build.0 = Debug|Any CPU
		{7B00293E-4609-4884-93FB-D4074BD4BC49}.Release|Any CPU.ActiveCfg = Release|Any CPU
		{7B00293E-4609-4884-93FB-D4074BD4BC49}.Release|Any CPU.Build.0 = Release|Any CPU
		{77BB168D-E486-4EBA-A1E7-F4C6389F2146}.Debug|Any CPU.ActiveCfg = Debug|Any CPU
		{77BB168D-E486-4EBA-A1E7-F4C6389F2146}.Debug|Any CPU.Build.0 = Debug|Any CPU
		{77BB168D-E486-4EBA-A1E7-F4C6389F2146}.Release|Any CPU.ActiveCfg = Release|Any CPU
		{77BB168D-E486-4EBA-A1E7-F4C6389F2146}.Release|Any CPU.Build.0 = Release|Any CPU
		{A390D9E4-0350-46F6-94F2-C2A615ED7018}.Debug|Any CPU.ActiveCfg = Debug|Any CPU
		{A390D9E4-0350-46F6-94F2-C2A615ED7018}.Debug|Any CPU.Build.0 = Debug|Any CPU
		{A390D9E4-0350-46F6-94F2-C2A615ED7018}.Release|Any CPU.ActiveCfg = Release|Any CPU
		{A390D9E4-0350-46F6-94F2-C2A615ED7018}.Release|Any CPU.Build.0 = Release|Any CPU
		{B8B6DE58-8FEF-4E3D-B212-58790B455FFA}.Debug|Any CPU.ActiveCfg = Debug|Any CPU
		{B8B6DE58-8FEF-4E3D-B212-58790B455FFA}.Debug|Any CPU.Build.0 = Debug|Any CPU
		{B8B6DE58-8FEF-4E3D-B212-58790B455FFA}.Release|Any CPU.ActiveCfg = Release|Any CPU
		{B8B6DE58-8FEF-4E3D-B212-58790B455FFA}.Release|Any CPU.Build.0 = Release|Any CPU
		{E03F1B2E-D470-4805-903C-7AAC423A7F7B}.Debug|Any CPU.ActiveCfg = Debug|Any CPU
		{E03F1B2E-D470-4805-903C-7AAC423A7F7B}.Debug|Any CPU.Build.0 = Debug|Any CPU
		{E03F1B2E-D470-4805-903C-7AAC423A7F7B}.Release|Any CPU.ActiveCfg = Release|Any CPU
		{E03F1B2E-D470-4805-903C-7AAC423A7F7B}.Release|Any CPU.Build.0 = Release|Any CPU
		{0FCE8BCA-534C-4572-9DE6-358AAD241ADA}.Debug|Any CPU.ActiveCfg = Debug|Any CPU
		{0FCE8BCA-534C-4572-9DE6-358AAD241ADA}.Debug|Any CPU.Build.0 = Debug|Any CPU
		{0FCE8BCA-534C-4572-9DE6-358AAD241ADA}.Release|Any CPU.ActiveCfg = Release|Any CPU
		{0FCE8BCA-534C-4572-9DE6-358AAD241ADA}.Release|Any CPU.Build.0 = Release|Any CPU
		{8BCBBBA3-995C-4E67-9365-64D5ABC16377}.Debug|Any CPU.ActiveCfg = Debug|Any CPU
		{8BCBBBA3-995C-4E67-9365-64D5ABC16377}.Debug|Any CPU.Build.0 = Debug|Any CPU
		{8BCBBBA3-995C-4E67-9365-64D5ABC16377}.Release|Any CPU.ActiveCfg = Release|Any CPU
		{8BCBBBA3-995C-4E67-9365-64D5ABC16377}.Release|Any CPU.Build.0 = Release|Any CPU
		{B1C60AA4-566B-4719-9340-134590672AB3}.Debug|Any CPU.ActiveCfg = Debug|Any CPU
		{B1C60AA4-566B-4719-9340-134590672AB3}.Debug|Any CPU.Build.0 = Debug|Any CPU
		{B1C60AA4-566B-4719-9340-134590672AB3}.Release|Any CPU.ActiveCfg = Release|Any CPU
		{B1C60AA4-566B-4719-9340-134590672AB3}.Release|Any CPU.Build.0 = Release|Any CPU
		{FD00A24A-9648-4DBE-A19E-D6C64F49EBAD}.Debug|Any CPU.ActiveCfg = Debug|Any CPU
		{FD00A24A-9648-4DBE-A19E-D6C64F49EBAD}.Debug|Any CPU.Build.0 = Debug|Any CPU
		{FD00A24A-9648-4DBE-A19E-D6C64F49EBAD}.Release|Any CPU.ActiveCfg = Release|Any CPU
		{FD00A24A-9648-4DBE-A19E-D6C64F49EBAD}.Release|Any CPU.Build.0 = Release|Any CPU
		{14606037-1FAE-45D6-B3D2-FDC016B119DE}.Debug|Any CPU.ActiveCfg = Debug|Any CPU
		{14606037-1FAE-45D6-B3D2-FDC016B119DE}.Debug|Any CPU.Build.0 = Debug|Any CPU
		{14606037-1FAE-45D6-B3D2-FDC016B119DE}.Release|Any CPU.ActiveCfg = Release|Any CPU
		{14606037-1FAE-45D6-B3D2-FDC016B119DE}.Release|Any CPU.Build.0 = Release|Any CPU
		{8862C6F6-9477-40A4-8598-1597A0FC1B61}.Debug|Any CPU.ActiveCfg = Debug|Any CPU
		{8862C6F6-9477-40A4-8598-1597A0FC1B61}.Debug|Any CPU.Build.0 = Debug|Any CPU
		{8862C6F6-9477-40A4-8598-1597A0FC1B61}.Release|Any CPU.ActiveCfg = Release|Any CPU
		{8862C6F6-9477-40A4-8598-1597A0FC1B61}.Release|Any CPU.Build.0 = Release|Any CPU
		{04841037-6EDF-48E1-86EA-20F6C3146120}.Debug|Any CPU.ActiveCfg = Debug|Any CPU
		{04841037-6EDF-48E1-86EA-20F6C3146120}.Debug|Any CPU.Build.0 = Debug|Any CPU
		{04841037-6EDF-48E1-86EA-20F6C3146120}.Release|Any CPU.ActiveCfg = Release|Any CPU
		{04841037-6EDF-48E1-86EA-20F6C3146120}.Release|Any CPU.Build.0 = Release|Any CPU
	EndGlobalSection
	GlobalSection(SolutionProperties) = preSolution
		HideSolutionNode = FALSE
	EndGlobalSection
	GlobalSection(NestedProjects) = preSolution
		{FD00A24A-9648-4DBE-A19E-D6C64F49EBAD} = {9EB85D06-595D-4795-B9A5-E9215298A20C}
		{14606037-1FAE-45D6-B3D2-FDC016B119DE} = {9EB85D06-595D-4795-B9A5-E9215298A20C}
		{8862C6F6-9477-40A4-8598-1597A0FC1B61} = {9EB85D06-595D-4795-B9A5-E9215298A20C}
	EndGlobalSection
	GlobalSection(ExtensibilityGlobals) = postSolution
		SolutionGuid = {1C0F5E01-C9A6-4189-A563-EEA81B19DD80}
	EndGlobalSection
EndGlobal
